{
  "name": "bookstore",
  "version": "1.0.0",
  "lockfileVersion": 1,
  "dependencies": {
    "karma-htmlfile-reporter": {
      "version": "0.3.5",
      "resolved": "https://registry.npmjs.org/karma-htmlfile-reporter/-/karma-htmlfile-reporter-0.3.5.tgz",
      "integrity": "sha1-CavKmRCj6x27onqadmAmlIyWygQ=",
      "dev": true
    },
    "lodash": {
      "version": "3.10.1",
      "resolved": "https://registry.npmjs.org/lodash/-/lodash-3.10.1.tgz",
      "integrity": "sha1-W/Rejkm6QYnhfUgnid/RW9FAt7Y=",
      "dev": true
    },
    "xmlbuilder": {
      "version": "3.1.0",
      "resolved": "https://registry.npmjs.org/xmlbuilder/-/xmlbuilder-3.1.0.tgz",
      "integrity": "sha1-LIaIjy1OrehQ+jjKf3Ij9yCVFuE=",
      "dev": true
    }
  }
}
